
Microsoft Visual Studio Solution File, Format Version 12.00
# Visual Studio Version 17
VisualStudioVersion = 17.7.34003.232
MinimumVisualStudioVersion = 10.0.40219.1
Project("{9A19103F-16F7-4668-BE54-9A1E7A4F7556}") = "BlazorApp.Client", "BlazorApp.Client\BlazorApp.Client.csproj", "{236FF573-16B0-4CF2-8C99-9F38598531F1}"
EndProject
Project("{9A19103F-16F7-4668-BE54-9A1E7A4F7556}") = "SharedLibrary", "SharedLibrary\SharedLibrary.csproj", "{DC0E34E1-0947-4F6E-85CF-1B4C60965854}"
EndProject
Project("{9A19103F-16F7-4668-BE54-9A1E7A4F7556}") = "WebApplication2", "WebApplication2\WebApplication2.csproj", "{02D3599D-8417-4E19-B2EB-E6A3E47B3015}"
EndProject
Global
	GlobalSection(SolutionConfigurationPlatforms) = preSolution
		Debug|Any CPU = Debug|Any CPU
		Release|Any CPU = Release|Any CPU
	EndGlobalSection
	GlobalSection(ProjectConfigurationPlatforms) = postSolution
		{236FF573-16B0-4CF2-8C99-9F38598531F1}.Debug|Any CPU.ActiveCfg = Debug|Any CPU
		{236FF573-16B0-4CF2-8C99-9F38598531F1}.Debug|Any CPU.Build.0 = Debug|Any CPU
		{236FF573-16B0-4CF2-8C99-9F38598531F1}.Release|Any CPU.ActiveCfg = Release|Any CPU
		{236FF573-16B0-4CF2-8C99-9F38598531F1}.Release|Any CPU.Build.0 = Release|Any CPU
		{DC0E34E1-0947-4F6E-85CF-1B4C60965854}.Debug|Any CPU.ActiveCfg = Debug|Any CPU
		{DC0E34E1-0947-4F6E-85CF-1B4C60965854}.Debug|Any CPU.Build.0 = Debug|Any CPU
		{DC0E34E1-0947-4F6E-85CF-1B4C60965854}.Release|Any CPU.ActiveCfg = Release|Any CPU
		{DC0E34E1-0947-4F6E-85CF-1B4C60965854}.Release|Any CPU.Build.0 = Release|Any CPU
		{02D3599D-8417-4E19-B2EB-E6A3E47B3015}.Debug|Any CPU.ActiveCfg = Debug|Any CPU
		{02D3599D-8417-4E19-B2EB-E6A3E47B3015}.Debug|Any CPU.Build.0 = Debug|Any CPU
		{02D3599D-8417-4E19-B2EB-E6A3E47B3015}.Release|Any CPU.ActiveCfg = Release|Any CPU
		{02D3599D-8417-4E19-B2EB-E6A3E47B3015}.Release|Any CPU.Build.0 = Release|Any CPU
	EndGlobalSection
	GlobalSection(SolutionProperties) = preSolution
		HideSolutionNode = FALSE
	EndGlobalSection
	GlobalSection(ExtensibilityGlobals) = postSolution
		SolutionGuid = {D52664E8-72FF-4231-9438-D9E54229BCDC}
	EndGlobalSection
EndGlobal
